
Microsoft Visual Studio Solution File, Format Version 12.00
# Visual Studio Version 16
VisualStudioVersion = 16.0.28922.388
MinimumVisualStudioVersion = 10.0.40219.1
Project("{FAE04EC0-301F-11D3-BF4B-00C04F79EFBC}") = "01. Club Party", "01. Club Party\01. Club Party.csproj", "{9413D12B-7BCC-4810-8593-B3E38971475A}"
EndProject
Project("{FAE04EC0-301F-11D3-BF4B-00C04F79EFBC}") = "02. Tron Racers", "02. Tron Racers\02. Tron Racers.csproj", "{A4E3266C-3461-48A5-A22A-DE061091BFD8}"
EndProject
Global
	GlobalSection(SolutionConfigurationPlatforms) = preSolution
		Debug|Any CPU = Debug|Any CPU
		Release|Any CPU = Release|Any CPU
	EndGlobalSection
	GlobalSection(ProjectConfigurationPlatforms) = postSolution
		{9413D12B-7BCC-4810-8593-B3E38971475A}.Debug|Any CPU.ActiveCfg = Debug|Any CPU
		{9413D12B-7BCC-4810-8593-B3E38971475A}.Debug|Any CPU.Build.0 = Debug|Any CPU
		{9413D12B-7BCC-4810-8593-B3E38971475A}.Release|Any CPU.ActiveCfg = Release|Any CPU
		{9413D12B-7BCC-4810-8593-B3E38971475A}.Release|Any CPU.Build.0 = Release|Any CPU
		{A4E3266C-3461-48A5-A22A-DE061091BFD8}.Debug|Any CPU.ActiveCfg = Debug|Any CPU
		{A4E3266C-3461-48A5-A22A-DE061091BFD8}.Debug|Any CPU.Build.0 = Debug|Any CPU
		{A4E3266C-3461-48A5-A22A-DE061091BFD8}.Release|Any CPU.ActiveCfg = Release|Any CPU
		{A4E3266C-3461-48A5-A22A-DE061091BFD8}.Release|Any CPU.Build.0 = Release|Any CPU
	EndGlobalSection
	GlobalSection(SolutionProperties) = preSolution
		HideSolutionNode = FALSE
	EndGlobalSection
	GlobalSection(ExtensibilityGlobals) = postSolution
		SolutionGuid = {6B4EBA79-09AB-4758-91F2-F3BE74494B14}
	EndGlobalSection
EndGlobal
