
Microsoft Visual Studio Solution File, Format Version 12.00
# Visual Studio Version 16
VisualStudioVersion = 16.0.28922.388
MinimumVisualStudioVersion = 10.0.40219.1
Project("{FAE04EC0-301F-11D3-BF4B-00C04F79EFBC}") = "Problem 1. Car", "Problem 1. Car\Problem 1. Car.csproj", "{DCE2E13F-5C59-4449-8E1C-84608464BD35}"
EndProject
Global
	GlobalSection(SolutionConfigurationPlatforms) = preSolution
		Debug|Any CPU = Debug|Any CPU
		Release|Any CPU = Release|Any CPU
	EndGlobalSection
	GlobalSection(ProjectConfigurationPlatforms) = postSolution
		{DCE2E13F-5C59-4449-8E1C-84608464BD35}.Debug|Any CPU.ActiveCfg = Debug|Any CPU
		{DCE2E13F-5C59-4449-8E1C-84608464BD35}.Debug|Any CPU.Build.0 = Debug|Any CPU
		{DCE2E13F-5C59-4449-8E1C-84608464BD35}.Release|Any CPU.ActiveCfg = Release|Any CPU
		{DCE2E13F-5C59-4449-8E1C-84608464BD35}.Release|Any CPU.Build.0 = Release|Any CPU
	EndGlobalSection
	GlobalSection(SolutionProperties) = preSolution
		HideSolutionNode = FALSE
	EndGlobalSection
	GlobalSection(ExtensibilityGlobals) = postSolution
		SolutionGuid = {FBEF6FE1-B134-4D1E-B0DC-C2CC3CEA9282}
	EndGlobalSection
EndGlobal
