
Microsoft Visual Studio Solution File, Format Version 12.00
# Visual Studio Version 16
VisualStudioVersion = 16.0.28922.388
MinimumVisualStudioVersion = 10.0.40219.1
Project("{9A19103F-16F7-4668-BE54-9A1E7A4F7556}") = "Problem1", "Problem 1. ListyIterator\Problem1.csproj", "{C2F1B5B5-9F46-4E90-9C6B-14AEAC2F66F2}"
EndProject
Project("{9A19103F-16F7-4668-BE54-9A1E7A4F7556}") = "Froggy", "Froggy\Froggy.csproj", "{2C39B40C-4B78-45AF-A89E-5FE4D5782141}"
EndProject
Project("{9A19103F-16F7-4668-BE54-9A1E7A4F7556}") = "Problem5ComparingObects", "Problem5ComparingObects\Problem5ComparingObects.csproj", "{4464A1DD-30CF-44BA-8373-73EE46B57701}"
EndProject
Project("{9A19103F-16F7-4668-BE54-9A1E7A4F7556}") = "Problem6EqualityLogic", "Problem6EqualityLogic\Problem6EqualityLogic.csproj", "{65847FE6-37FF-4C19-BAC1-38A5EA8053E4}"
EndProject
Project("{FAE04EC0-301F-11D3-BF4B-00C04F79EFBC}") = "Problem3Stack", "Problem3Stack\Problem3Stack.csproj", "{8EFBD481-48E3-4B78-B549-3EE0A837CB34}"
EndProject
Global
	GlobalSection(SolutionConfigurationPlatforms) = preSolution
		Debug|Any CPU = Debug|Any CPU
		Release|Any CPU = Release|Any CPU
	EndGlobalSection
	GlobalSection(ProjectConfigurationPlatforms) = postSolution
		{C2F1B5B5-9F46-4E90-9C6B-14AEAC2F66F2}.Debug|Any CPU.ActiveCfg = Debug|Any CPU
		{C2F1B5B5-9F46-4E90-9C6B-14AEAC2F66F2}.Debug|Any CPU.Build.0 = Debug|Any CPU
		{C2F1B5B5-9F46-4E90-9C6B-14AEAC2F66F2}.Release|Any CPU.ActiveCfg = Release|Any CPU
		{C2F1B5B5-9F46-4E90-9C6B-14AEAC2F66F2}.Release|Any CPU.Build.0 = Release|Any CPU
		{2C39B40C-4B78-45AF-A89E-5FE4D5782141}.Debug|Any CPU.ActiveCfg = Debug|Any CPU
		{2C39B40C-4B78-45AF-A89E-5FE4D5782141}.Debug|Any CPU.Build.0 = Debug|Any CPU
		{2C39B40C-4B78-45AF-A89E-5FE4D5782141}.Release|Any CPU.ActiveCfg = Release|Any CPU
		{2C39B40C-4B78-45AF-A89E-5FE4D5782141}.Release|Any CPU.Build.0 = Release|Any CPU
		{4464A1DD-30CF-44BA-8373-73EE46B57701}.Debug|Any CPU.ActiveCfg = Debug|Any CPU
		{4464A1DD-30CF-44BA-8373-73EE46B57701}.Debug|Any CPU.Build.0 = Debug|Any CPU
		{4464A1DD-30CF-44BA-8373-73EE46B57701}.Release|Any CPU.ActiveCfg = Release|Any CPU
		{4464A1DD-30CF-44BA-8373-73EE46B57701}.Release|Any CPU.Build.0 = Release|Any CPU
		{65847FE6-37FF-4C19-BAC1-38A5EA8053E4}.Debug|Any CPU.ActiveCfg = Debug|Any CPU
		{65847FE6-37FF-4C19-BAC1-38A5EA8053E4}.Debug|Any CPU.Build.0 = Debug|Any CPU
		{65847FE6-37FF-4C19-BAC1-38A5EA8053E4}.Release|Any CPU.ActiveCfg = Release|Any CPU
		{65847FE6-37FF-4C19-BAC1-38A5EA8053E4}.Release|Any CPU.Build.0 = Release|Any CPU
		{8EFBD481-48E3-4B78-B549-3EE0A837CB34}.Debug|Any CPU.ActiveCfg = Debug|Any CPU
		{8EFBD481-48E3-4B78-B549-3EE0A837CB34}.Debug|Any CPU.Build.0 = Debug|Any CPU
		{8EFBD481-48E3-4B78-B549-3EE0A837CB34}.Release|Any CPU.ActiveCfg = Release|Any CPU
		{8EFBD481-48E3-4B78-B549-3EE0A837CB34}.Release|Any CPU.Build.0 = Release|Any CPU
	EndGlobalSection
	GlobalSection(SolutionProperties) = preSolution
		HideSolutionNode = FALSE
	EndGlobalSection
	GlobalSection(ExtensibilityGlobals) = postSolution
		SolutionGuid = {01536A69-B6AB-40A7-A99A-80951A666724}
	EndGlobalSection
EndGlobal
