
Microsoft Visual Studio Solution File, Format Version 12.00
# Visual Studio Version 16
VisualStudioVersion = 16.0.28922.388
MinimumVisualStudioVersion = 10.0.40219.1
Project("{9A19103F-16F7-4668-BE54-9A1E7A4F7556}") = "Problem 1. Even Lines", "Problem 1. Even Lines\Problem 1. Even Lines.csproj", "{8C784363-A07E-4F60-A626-E01A83E1F285}"
EndProject
Project("{FAE04EC0-301F-11D3-BF4B-00C04F79EFBC}") = "Problem 2. Line Numbers", "Problem 2. Line Numbers\Problem 2. Line Numbers.csproj", "{2944ADAC-446A-4541-AD16-E1C90F1C3174}"
EndProject
Project("{FAE04EC0-301F-11D3-BF4B-00C04F79EFBC}") = "Problem 3. Word Count", "Problem 3. Word Count\Problem 3. Word Count.csproj", "{96433870-85AC-4A7A-B8AF-28F5DC205B74}"
EndProject
Project("{FAE04EC0-301F-11D3-BF4B-00C04F79EFBC}") = "Problem 4. Copy Binary File", "Problem 4. Copy Binary File\Problem 4. Copy Binary File.csproj", "{9AC73AF1-F83B-4211-9C22-AE826D1B5ACA}"
EndProject
Project("{FAE04EC0-301F-11D3-BF4B-00C04F79EFBC}") = "Problem 5. Directory Traversal", "Problem 5. Directory Traversal\Problem 5. Directory Traversal.csproj", "{F82A194C-D24F-4F44-B664-7FB7A8AA05B1}"
EndProject
Project("{FAE04EC0-301F-11D3-BF4B-00C04F79EFBC}") = "Problem 6. Zip and Extract", "Problem 6. Zip and Extract\Problem 6. Zip and Extract.csproj", "{5D0038D2-6DC0-4173-9B52-302888879122}"
EndProject
Global
	GlobalSection(SolutionConfigurationPlatforms) = preSolution
		Debug|Any CPU = Debug|Any CPU
		Release|Any CPU = Release|Any CPU
	EndGlobalSection
	GlobalSection(ProjectConfigurationPlatforms) = postSolution
		{8C784363-A07E-4F60-A626-E01A83E1F285}.Debug|Any CPU.ActiveCfg = Debug|Any CPU
		{8C784363-A07E-4F60-A626-E01A83E1F285}.Debug|Any CPU.Build.0 = Debug|Any CPU
		{8C784363-A07E-4F60-A626-E01A83E1F285}.Release|Any CPU.ActiveCfg = Release|Any CPU
		{8C784363-A07E-4F60-A626-E01A83E1F285}.Release|Any CPU.Build.0 = Release|Any CPU
		{2944ADAC-446A-4541-AD16-E1C90F1C3174}.Debug|Any CPU.ActiveCfg = Debug|Any CPU
		{2944ADAC-446A-4541-AD16-E1C90F1C3174}.Debug|Any CPU.Build.0 = Debug|Any CPU
		{2944ADAC-446A-4541-AD16-E1C90F1C3174}.Release|Any CPU.ActiveCfg = Release|Any CPU
		{2944ADAC-446A-4541-AD16-E1C90F1C3174}.Release|Any CPU.Build.0 = Release|Any CPU
		{96433870-85AC-4A7A-B8AF-28F5DC205B74}.Debug|Any CPU.ActiveCfg = Debug|Any CPU
		{96433870-85AC-4A7A-B8AF-28F5DC205B74}.Debug|Any CPU.Build.0 = Debug|Any CPU
		{96433870-85AC-4A7A-B8AF-28F5DC205B74}.Release|Any CPU.ActiveCfg = Release|Any CPU
		{96433870-85AC-4A7A-B8AF-28F5DC205B74}.Release|Any CPU.Build.0 = Release|Any CPU
		{9AC73AF1-F83B-4211-9C22-AE826D1B5ACA}.Debug|Any CPU.ActiveCfg = Debug|Any CPU
		{9AC73AF1-F83B-4211-9C22-AE826D1B5ACA}.Debug|Any CPU.Build.0 = Debug|Any CPU
		{9AC73AF1-F83B-4211-9C22-AE826D1B5ACA}.Release|Any CPU.ActiveCfg = Release|Any CPU
		{9AC73AF1-F83B-4211-9C22-AE826D1B5ACA}.Release|Any CPU.Build.0 = Release|Any CPU
		{F82A194C-D24F-4F44-B664-7FB7A8AA05B1}.Debug|Any CPU.ActiveCfg = Debug|Any CPU
		{F82A194C-D24F-4F44-B664-7FB7A8AA05B1}.Debug|Any CPU.Build.0 = Debug|Any CPU
		{F82A194C-D24F-4F44-B664-7FB7A8AA05B1}.Release|Any CPU.ActiveCfg = Release|Any CPU
		{F82A194C-D24F-4F44-B664-7FB7A8AA05B1}.Release|Any CPU.Build.0 = Release|Any CPU
		{5D0038D2-6DC0-4173-9B52-302888879122}.Debug|Any CPU.ActiveCfg = Debug|Any CPU
		{5D0038D2-6DC0-4173-9B52-302888879122}.Debug|Any CPU.Build.0 = Debug|Any CPU
		{5D0038D2-6DC0-4173-9B52-302888879122}.Release|Any CPU.ActiveCfg = Release|Any CPU
		{5D0038D2-6DC0-4173-9B52-302888879122}.Release|Any CPU.Build.0 = Release|Any CPU
	EndGlobalSection
	GlobalSection(SolutionProperties) = preSolution
		HideSolutionNode = FALSE
	EndGlobalSection
	GlobalSection(ExtensibilityGlobals) = postSolution
		SolutionGuid = {059EB8D1-965E-4DAA-890D-665C81276E36}
	EndGlobalSection
EndGlobal
