
Microsoft Visual Studio Solution File, Format Version 12.00
# Visual Studio Version 16
VisualStudioVersion = 16.0.28922.388
MinimumVisualStudioVersion = 10.0.40219.1
Project("{FAE04EC0-301F-11D3-BF4B-00C04F79EFBC}") = "01. Spaceship Crafting", "01. Spaceship Crafting\01. Spaceship Crafting.csproj", "{90E06020-85A2-46DD-9EE0-2991DF4B8B0C}"
EndProject
Project("{FAE04EC0-301F-11D3-BF4B-00C04F79EFBC}") = "03. Space Station Establishment", "03. Space Station Establishment\03. Space Station Establishment.csproj", "{57B2732A-A31B-42C6-831E-A9277219FAC6}"
EndProject
Global
	GlobalSection(SolutionConfigurationPlatforms) = preSolution
		Debug|Any CPU = Debug|Any CPU
		Release|Any CPU = Release|Any CPU
	EndGlobalSection
	GlobalSection(ProjectConfigurationPlatforms) = postSolution
		{90E06020-85A2-46DD-9EE0-2991DF4B8B0C}.Debug|Any CPU.ActiveCfg = Debug|Any CPU
		{90E06020-85A2-46DD-9EE0-2991DF4B8B0C}.Debug|Any CPU.Build.0 = Debug|Any CPU
		{90E06020-85A2-46DD-9EE0-2991DF4B8B0C}.Release|Any CPU.ActiveCfg = Release|Any CPU
		{90E06020-85A2-46DD-9EE0-2991DF4B8B0C}.Release|Any CPU.Build.0 = Release|Any CPU
		{57B2732A-A31B-42C6-831E-A9277219FAC6}.Debug|Any CPU.ActiveCfg = Debug|Any CPU
		{57B2732A-A31B-42C6-831E-A9277219FAC6}.Debug|Any CPU.Build.0 = Debug|Any CPU
		{57B2732A-A31B-42C6-831E-A9277219FAC6}.Release|Any CPU.ActiveCfg = Release|Any CPU
		{57B2732A-A31B-42C6-831E-A9277219FAC6}.Release|Any CPU.Build.0 = Release|Any CPU
	EndGlobalSection
	GlobalSection(SolutionProperties) = preSolution
		HideSolutionNode = FALSE
	EndGlobalSection
	GlobalSection(ExtensibilityGlobals) = postSolution
		SolutionGuid = {6C4E6E73-0F65-48A7-89BB-445315C842C3}
	EndGlobalSection
EndGlobal
