
Microsoft Visual Studio Solution File, Format Version 12.00
# Visual Studio Version 16
VisualStudioVersion = 16.0.28922.388
MinimumVisualStudioVersion = 10.0.40219.1
Project("{FAE04EC0-301F-11D3-BF4B-00C04F79EFBC}") = "01. The Garden", "01. The Garden\01. The Garden.csproj", "{8FBE9FF5-7AE3-4419-A24E-197DB38DE97B}"
EndProject
Project("{FAE04EC0-301F-11D3-BF4B-00C04F79EFBC}") = "Make a Salad", "Make a Salad\Make a Salad.csproj", "{808FACEE-D009-4874-AA0A-003DF64988CD}"
EndProject
Global
	GlobalSection(SolutionConfigurationPlatforms) = preSolution
		Debug|Any CPU = Debug|Any CPU
		Release|Any CPU = Release|Any CPU
	EndGlobalSection
	GlobalSection(ProjectConfigurationPlatforms) = postSolution
		{8FBE9FF5-7AE3-4419-A24E-197DB38DE97B}.Debug|Any CPU.ActiveCfg = Debug|Any CPU
		{8FBE9FF5-7AE3-4419-A24E-197DB38DE97B}.Debug|Any CPU.Build.0 = Debug|Any CPU
		{8FBE9FF5-7AE3-4419-A24E-197DB38DE97B}.Release|Any CPU.ActiveCfg = Release|Any CPU
		{8FBE9FF5-7AE3-4419-A24E-197DB38DE97B}.Release|Any CPU.Build.0 = Release|Any CPU
		{808FACEE-D009-4874-AA0A-003DF64988CD}.Debug|Any CPU.ActiveCfg = Debug|Any CPU
		{808FACEE-D009-4874-AA0A-003DF64988CD}.Debug|Any CPU.Build.0 = Debug|Any CPU
		{808FACEE-D009-4874-AA0A-003DF64988CD}.Release|Any CPU.ActiveCfg = Release|Any CPU
		{808FACEE-D009-4874-AA0A-003DF64988CD}.Release|Any CPU.Build.0 = Release|Any CPU
	EndGlobalSection
	GlobalSection(SolutionProperties) = preSolution
		HideSolutionNode = FALSE
	EndGlobalSection
	GlobalSection(ExtensibilityGlobals) = postSolution
		SolutionGuid = {FFD9176B-0B4E-42D4-9F3C-F38745873995}
	EndGlobalSection
EndGlobal
