
Microsoft Visual Studio Solution File, Format Version 12.00
# Visual Studio Version 16
VisualStudioVersion = 16.0.28922.388
MinimumVisualStudioVersion = 10.0.40219.1
Project("{FAE04EC0-301F-11D3-BF4B-00C04F79EFBC}") = "BoxOfT", "BoxOfT\BoxOfT.csproj", "{29EE0D4B-34DF-49BE-8A76-84EA8B184677}"
EndProject
Project("{FAE04EC0-301F-11D3-BF4B-00C04F79EFBC}") = "GenericArrayCreator", "GenericArrayCreator\GenericArrayCreator.csproj", "{270DF1D7-561A-410B-A717-919016BD0C52}"
EndProject
Project("{FAE04EC0-301F-11D3-BF4B-00C04F79EFBC}") = "GenericScale", "GenericScale\GenericScale.csproj", "{D6B42A57-357C-4F01-97B9-930D558302F5}"
EndProject
Global
	GlobalSection(SolutionConfigurationPlatforms) = preSolution
		Debug|Any CPU = Debug|Any CPU
		Release|Any CPU = Release|Any CPU
	EndGlobalSection
	GlobalSection(ProjectConfigurationPlatforms) = postSolution
		{29EE0D4B-34DF-49BE-8A76-84EA8B184677}.Debug|Any CPU.ActiveCfg = Debug|Any CPU
		{29EE0D4B-34DF-49BE-8A76-84EA8B184677}.Debug|Any CPU.Build.0 = Debug|Any CPU
		{29EE0D4B-34DF-49BE-8A76-84EA8B184677}.Release|Any CPU.ActiveCfg = Release|Any CPU
		{29EE0D4B-34DF-49BE-8A76-84EA8B184677}.Release|Any CPU.Build.0 = Release|Any CPU
		{270DF1D7-561A-410B-A717-919016BD0C52}.Debug|Any CPU.ActiveCfg = Debug|Any CPU
		{270DF1D7-561A-410B-A717-919016BD0C52}.Debug|Any CPU.Build.0 = Debug|Any CPU
		{270DF1D7-561A-410B-A717-919016BD0C52}.Release|Any CPU.ActiveCfg = Release|Any CPU
		{270DF1D7-561A-410B-A717-919016BD0C52}.Release|Any CPU.Build.0 = Release|Any CPU
		{D6B42A57-357C-4F01-97B9-930D558302F5}.Debug|Any CPU.ActiveCfg = Debug|Any CPU
		{D6B42A57-357C-4F01-97B9-930D558302F5}.Debug|Any CPU.Build.0 = Debug|Any CPU
		{D6B42A57-357C-4F01-97B9-930D558302F5}.Release|Any CPU.ActiveCfg = Release|Any CPU
		{D6B42A57-357C-4F01-97B9-930D558302F5}.Release|Any CPU.Build.0 = Release|Any CPU
	EndGlobalSection
	GlobalSection(SolutionProperties) = preSolution
		HideSolutionNode = FALSE
	EndGlobalSection
	GlobalSection(ExtensibilityGlobals) = postSolution
		SolutionGuid = {2D982FB8-233A-4B36-9EE9-6F2C9422C66B}
	EndGlobalSection
EndGlobal
